
Microsoft Visual Studio Solution File, Format Version 12.00
# Visual Studio Version 16
VisualStudioVersion = 16.0.31613.86
MinimumVisualStudioVersion = 10.0.40219.1
Project("{FAE04EC0-301F-11D3-BF4B-00C04F79EFBC}") = "JovemProgramadorMvc", "JovemProgramadorMvc.csproj", "{8F7F24C4-AC28-40FE-A7FF-EDF34FCD8AA2}"
EndProject
Global
	GlobalSection(SolutionConfigurationPlatforms) = preSolution
		Debug|Any CPU = Debug|Any CPU
		Release|Any CPU = Release|Any CPU
	EndGlobalSection
	GlobalSection(ProjectConfigurationPlatforms) = postSolution
		{8F7F24C4-AC28-40FE-A7FF-EDF34FCD8AA2}.Debug|Any CPU.ActiveCfg = Debug|Any CPU
		{8F7F24C4-AC28-40FE-A7FF-EDF34FCD8AA2}.Debug|Any CPU.Build.0 = Debug|Any CPU
		{8F7F24C4-AC28-40FE-A7FF-EDF34FCD8AA2}.Release|Any CPU.ActiveCfg = Release|Any CPU
		{8F7F24C4-AC28-40FE-A7FF-EDF34FCD8AA2}.Release|Any CPU.Build.0 = Release|Any CPU
	EndGlobalSection
	GlobalSection(SolutionProperties) = preSolution
		HideSolutionNode = FALSE
	EndGlobalSection
	GlobalSection(ExtensibilityGlobals) = postSolution
		SolutionGuid = {D7F96A62-8F7D-4463-A888-FB3BBD525123}
	EndGlobalSection
EndGlobal
